dependencies:
  espressif/esp-zigbee-lib:
    component_hash: d508f9b91c4b1973e6563fe840923fad2f15b23637f3d743dba1f5a719e1baab
    dependencies:
    - name: idf
      require: private
      version: '>=5.0'
    source:
      registry_url: https://components.espressif.com/
      type: service
    version: 2.0.4
  idf:
    source:
      type: idf
    version: 5.5.4
direct_dependencies:
- espressif/esp-zigbee-lib
- idf
manifest_hash: 2624f042e310d0019fb44fb5278a48fc3788b1d3b38717f0c0cb0555bcf978e7
target: esp32c6
version: 2.0.0
